
Microsoft Visual Studio Solution File, Format Version 12.00
# Visual Studio Version 17
VisualStudioVersion = 17.10.35122.118
MinimumVisualStudioVersion = 10.0.40219.1
Project("{9A19103F-16F7-4668-BE54-9A1E7A4F7556}") = "DiscountsService.Hosting", "src\DiscountsService.Hosting\DiscountsService.Hosting.csproj", "{83B8A926-F2E0-4F2F-B5E2-58CEFC16CD8C}"
EndProject
Project("{9A19103F-16F7-4668-BE54-9A1E7A4F7556}") = "DiscountsService.Infrastructure", "src\DiscountsService.Infrastructure\DiscountsService.Infrastructure.csproj", "{D3A8B4D6-702C-47A9-9C1A-5D66225E8DE2}"
EndProject
Project("{9A19103F-16F7-4668-BE54-9A1E7A4F7556}") = "DiscountsService.Network", "src\DiscountsService.Network\DiscountsService.Network.csproj", "{54E4B1B7-0085-4DE9-BFFF-BB87C9443775}"
EndProject
Project("{9A19103F-16F7-4668-BE54-9A1E7A4F7556}") = "DiscountsService.Server", "src\DiscountsService.Server\DiscountsService.Server.csproj", "{F9195488-D38A-4015-83F7-FFB83EB27259}"
EndProject
Project("{2150E333-8FDC-42A3-9474-1A3956D46DE8}") = "Executables", "Executables", "{06ED380E-6DCD-4279-A989-19BD9C64DE16}"
EndProject
Project("{2150E333-8FDC-42A3-9474-1A3956D46DE8}") = "Shared", "Shared", "{FB497E0B-157D-49C1-AE35-B7953FD7702F}"
EndProject
Project("{2150E333-8FDC-42A3-9474-1A3956D46DE8}") = "Persistence", "Persistence", "{31C47E7C-A638-4969-9F00-8CADD8762E3C}"
EndProject
Project("{FAE04EC0-301F-11D3-BF4B-00C04F79EFBC}") = "DiscountsService.Persistence", "src\DiscountsService.Persistence\DiscountsService.Persistence.csproj", "{3D52F8FF-6230-4AB3-88D1-D0A896FD2609}"
EndProject
Project("{FAE04EC0-301F-11D3-BF4B-00C04F79EFBC}") = "DiscountsService.Client", "src\DiscountsService.Client\DiscountsService.Client.csproj", "{23417C3D-F9E2-4B77-8D55-28C17D6AC342}"
EndProject
Global
	GlobalSection(SolutionConfigurationPlatforms) = preSolution
		Debug|Any CPU = Debug|Any CPU
		Release|Any CPU = Release|Any CPU
	EndGlobalSection
	GlobalSection(ProjectConfigurationPlatforms) = postSolution
		{83B8A926-F2E0-4F2F-B5E2-58CEFC16CD8C}.Debug|Any CPU.ActiveCfg = Debug|Any CPU
		{83B8A926-F2E0-4F2F-B5E2-58CEFC16CD8C}.Debug|Any CPU.Build.0 = Debug|Any CPU
		{83B8A926-F2E0-4F2F-B5E2-58CEFC16CD8C}.Release|Any CPU.ActiveCfg = Release|Any CPU
		{83B8A926-F2E0-4F2F-B5E2-58CEFC16CD8C}.Release|Any CPU.Build.0 = Release|Any CPU
		{D3A8B4D6-702C-47A9-9C1A-5D66225E8DE2}.Debug|Any CPU.ActiveCfg = Debug|Any CPU
		{D3A8B4D6-702C-47A9-9C1A-5D66225E8DE2}.Debug|Any CPU.Build.0 = Debug|Any CPU
		{D3A8B4D6-702C-47A9-9C1A-5D66225E8DE2}.Release|Any CPU.ActiveCfg = Release|Any CPU
		{D3A8B4D6-702C-47A9-9C1A-5D66225E8DE2}.Release|Any CPU.Build.0 = Release|Any CPU
		{54E4B1B7-0085-4DE9-BFFF-BB87C9443775}.Debug|Any CPU.ActiveCfg = Debug|Any CPU
		{54E4B1B7-0085-4DE9-BFFF-BB87C9443775}.Debug|Any CPU.Build.0 = Debug|Any CPU
		{54E4B1B7-0085-4DE9-BFFF-BB87C9443775}.Release|Any CPU.ActiveCfg = Release|Any CPU
		{54E4B1B7-0085-4DE9-BFFF-BB87C9443775}.Release|Any CPU.Build.0 = Release|Any CPU
		{F9195488-D38A-4015-83F7-FFB83EB27259}.Debug|Any CPU.ActiveCfg = Debug|Any CPU
		{F9195488-D38A-4015-83F7-FFB83EB27259}.Debug|Any CPU.Build.0 = Debug|Any CPU
		{F9195488-D38A-4015-83F7-FFB83EB27259}.Release|Any CPU.ActiveCfg = Release|Any CPU
		{F9195488-D38A-4015-83F7-FFB83EB27259}.Release|Any CPU.Build.0 = Release|Any CPU
		{3D52F8FF-6230-4AB3-88D1-D0A896FD2609}.Debug|Any CPU.ActiveCfg = Debug|Any CPU
		{3D52F8FF-6230-4AB3-88D1-D0A896FD2609}.Debug|Any CPU.Build.0 = Debug|Any CPU
		{3D52F8FF-6230-4AB3-88D1-D0A896FD2609}.Release|Any CPU.ActiveCfg = Release|Any CPU
		{3D52F8FF-6230-4AB3-88D1-D0A896FD2609}.Release|Any CPU.Build.0 = Release|Any CPU
		{23417C3D-F9E2-4B77-8D55-28C17D6AC342}.Debug|Any CPU.ActiveCfg = Debug|Any CPU
		{23417C3D-F9E2-4B77-8D55-28C17D6AC342}.Debug|Any CPU.Build.0 = Debug|Any CPU
		{23417C3D-F9E2-4B77-8D55-28C17D6AC342}.Release|Any CPU.ActiveCfg = Release|Any CPU
		{23417C3D-F9E2-4B77-8D55-28C17D6AC342}.Release|Any CPU.Build.0 = Release|Any CPU
	EndGlobalSection
	GlobalSection(SolutionProperties) = preSolution
		HideSolutionNode = FALSE
	EndGlobalSection
	GlobalSection(NestedProjects) = preSolution
		{83B8A926-F2E0-4F2F-B5E2-58CEFC16CD8C} = {FB497E0B-157D-49C1-AE35-B7953FD7702F}
		{D3A8B4D6-702C-47A9-9C1A-5D66225E8DE2} = {FB497E0B-157D-49C1-AE35-B7953FD7702F}
		{54E4B1B7-0085-4DE9-BFFF-BB87C9443775} = {FB497E0B-157D-49C1-AE35-B7953FD7702F}
		{F9195488-D38A-4015-83F7-FFB83EB27259} = {06ED380E-6DCD-4279-A989-19BD9C64DE16}
		{3D52F8FF-6230-4AB3-88D1-D0A896FD2609} = {31C47E7C-A638-4969-9F00-8CADD8762E3C}
		{23417C3D-F9E2-4B77-8D55-28C17D6AC342} = {06ED380E-6DCD-4279-A989-19BD9C64DE16}
	EndGlobalSection
EndGlobal
